
Microsoft Visual Studio Solution File, Format Version 12.00
# Visual Studio Version 16
VisualStudioVersion = 16.0.33529.622
MinimumVisualStudioVersion = 10.0.40219.1
Project("{FAE04EC0-301F-11D3-BF4B-00C04F79EFBC}") = "AnketHazirlamaProje", "AnketHazirlamaProje\AnketHazirlamaProje.csproj", "{130D9EB2-EF25-4D20-AC72-A4DEE6150855}"
EndProject
Global
	GlobalSection(SolutionConfigurationPlatforms) = preSolution
		Debug|Any CPU = Debug|Any CPU
		Release|Any CPU = Release|Any CPU
	EndGlobalSection
	GlobalSection(ProjectConfigurationPlatforms) = postSolution
		{130D9EB2-EF25-4D20-AC72-A4DEE6150855}.Debug|Any CPU.ActiveCfg = Debug|Any CPU
		{130D9EB2-EF25-4D20-AC72-A4DEE6150855}.Debug|Any CPU.Build.0 = Debug|Any CPU
		{130D9EB2-EF25-4D20-AC72-A4DEE6150855}.Release|Any CPU.ActiveCfg = Release|Any CPU
		{130D9EB2-EF25-4D20-AC72-A4DEE6150855}.Release|Any CPU.Build.0 = Release|Any CPU
	EndGlobalSection
	GlobalSection(SolutionProperties) = preSolution
		HideSolutionNode = FALSE
	EndGlobalSection
	GlobalSection(ExtensibilityGlobals) = postSolution
		SolutionGuid = {6B41D9C2-76CE-40C9-A788-CCF1A805B92F}
	EndGlobalSection
EndGlobal
